
Microsoft Visual Studio Solution File, Format Version 12.00
# Visual Studio Version 16
VisualStudioVersion = 16.0.29613.14
MinimumVisualStudioVersion = 10.0.40219.1
Project("{9A19103F-16F7-4668-BE54-9A1E7A4F7556}") = "ServiceConsumer", "ServiceConsumer\ServiceConsumer.csproj", "{5F3B4E68-2322-43CA-A111-1B1D017A5EE9}"
EndProject
Project("{FAE04EC0-301F-11D3-BF4B-00C04F79EFBC}") = "RaspberryPiUwpHeadlessApp", "RaspberryPiUwpHeadlessApp\RaspberryPiUwpHeadlessApp.csproj", "{48515C6A-6F99-4130-8026-4575EFA053F3}"
EndProject
Project("{9A19103F-16F7-4668-BE54-9A1E7A4F7556}") = "TestTool", "TestTool\TestTool.csproj", "{B02F8F30-2BA0-4569-A760-CF418279BB74}"
EndProject
Project("{9A19103F-16F7-4668-BE54-9A1E7A4F7556}") = "RaspbianRecordingService_CSharp", "RaspbianRecordingService_CSharp\RaspbianRecordingService_CSharp.csproj", "{F171D0FD-55C1-4B99-9B18-C09676F893EF}"
EndProject
Project("{FAE04EC0-301F-11D3-BF4B-00C04F79EFBC}") = "SchedulerHost", "SchedulerHost\SchedulerHost.csproj", "{E33FFD55-A575-4AF8-88B6-8810D3C31599}"
EndProject
Global
	GlobalSection(SolutionConfigurationPlatforms) = preSolution
		Debug|Any CPU = Debug|Any CPU
		Debug|ARM = Debug|ARM
		Debug|ARM64 = Debug|ARM64
		Debug|x64 = Debug|x64
		Debug|x86 = Debug|x86
		Release|Any CPU = Release|Any CPU
		Release|ARM = Release|ARM
		Release|ARM64 = Release|ARM64
		Release|x64 = Release|x64
		Release|x86 = Release|x86
	EndGlobalSection
	GlobalSection(ProjectConfigurationPlatforms) = postSolution
		{5F3B4E68-2322-43CA-A111-1B1D017A5EE9}.Debug|Any CPU.ActiveCfg = Debug|Any CPU
		{5F3B4E68-2322-43CA-A111-1B1D017A5EE9}.Debug|Any CPU.Build.0 = Debug|Any CPU
		{5F3B4E68-2322-43CA-A111-1B1D017A5EE9}.Debug|ARM.ActiveCfg = Debug|Any CPU
		{5F3B4E68-2322-43CA-A111-1B1D017A5EE9}.Debug|ARM.Build.0 = Debug|Any CPU
		{5F3B4E68-2322-43CA-A111-1B1D017A5EE9}.Debug|ARM64.ActiveCfg = Debug|Any CPU
		{5F3B4E68-2322-43CA-A111-1B1D017A5EE9}.Debug|ARM64.Build.0 = Debug|Any CPU
		{5F3B4E68-2322-43CA-A111-1B1D017A5EE9}.Debug|x64.ActiveCfg = Debug|Any CPU
		{5F3B4E68-2322-43CA-A111-1B1D017A5EE9}.Debug|x64.Build.0 = Debug|Any CPU
		{5F3B4E68-2322-43CA-A111-1B1D017A5EE9}.Debug|x86.ActiveCfg = Debug|Any CPU
		{5F3B4E68-2322-43CA-A111-1B1D017A5EE9}.Debug|x86.Build.0 = Debug|Any CPU
		{5F3B4E68-2322-43CA-A111-1B1D017A5EE9}.Release|Any CPU.ActiveCfg = Release|Any CPU
		{5F3B4E68-2322-43CA-A111-1B1D017A5EE9}.Release|Any CPU.Build.0 = Release|Any CPU
		{5F3B4E68-2322-43CA-A111-1B1D017A5EE9}.Release|ARM.ActiveCfg = Release|Any CPU
		{5F3B4E68-2322-43CA-A111-1B1D017A5EE9}.Release|ARM.Build.0 = Release|Any CPU
		{5F3B4E68-2322-43CA-A111-1B1D017A5EE9}.Release|ARM64.ActiveCfg = Release|Any CPU
		{5F3B4E68-2322-43CA-A111-1B1D017A5EE9}.Release|ARM64.Build.0 = Release|Any CPU
		{5F3B4E68-2322-43CA-A111-1B1D017A5EE9}.Release|x64.ActiveCfg = Release|Any CPU
		{5F3B4E68-2322-43CA-A111-1B1D017A5EE9}.Release|x64.Build.0 = Release|Any CPU
		{5F3B4E68-2322-43CA-A111-1B1D017A5EE9}.Release|x86.ActiveCfg = Release|Any CPU
		{5F3B4E68-2322-43CA-A111-1B1D017A5EE9}.Release|x86.Build.0 = Release|Any CPU
		{48515C6A-6F99-4130-8026-4575EFA053F3}.Debug|Any CPU.ActiveCfg = Debug|x86
		{48515C6A-6F99-4130-8026-4575EFA053F3}.Debug|ARM.ActiveCfg = Debug|ARM
		{48515C6A-6F99-4130-8026-4575EFA053F3}.Debug|ARM.Build.0 = Debug|ARM
		{48515C6A-6F99-4130-8026-4575EFA053F3}.Debug|ARM.Deploy.0 = Debug|ARM
		{48515C6A-6F99-4130-8026-4575EFA053F3}.Debug|ARM64.ActiveCfg = Debug|x86
		{48515C6A-6F99-4130-8026-4575EFA053F3}.Debug|x64.ActiveCfg = Debug|x64
		{48515C6A-6F99-4130-8026-4575EFA053F3}.Debug|x64.Build.0 = Debug|x64
		{48515C6A-6F99-4130-8026-4575EFA053F3}.Debug|x64.Deploy.0 = Debug|x64
		{48515C6A-6F99-4130-8026-4575EFA053F3}.Debug|x86.ActiveCfg = Debug|x86
		{48515C6A-6F99-4130-8026-4575EFA053F3}.Debug|x86.Build.0 = Debug|x86
		{48515C6A-6F99-4130-8026-4575EFA053F3}.Debug|x86.Deploy.0 = Debug|x86
		{48515C6A-6F99-4130-8026-4575EFA053F3}.Release|Any CPU.ActiveCfg = Release|x86
		{48515C6A-6F99-4130-8026-4575EFA053F3}.Release|ARM.ActiveCfg = Release|ARM
		{48515C6A-6F99-4130-8026-4575EFA053F3}.Release|ARM.Build.0 = Release|ARM
		{48515C6A-6F99-4130-8026-4575EFA053F3}.Release|ARM.Deploy.0 = Release|ARM
		{48515C6A-6F99-4130-8026-4575EFA053F3}.Release|ARM64.ActiveCfg = Release|x86
		{48515C6A-6F99-4130-8026-4575EFA053F3}.Release|x64.ActiveCfg = Release|x64
		{48515C6A-6F99-4130-8026-4575EFA053F3}.Release|x64.Build.0 = Release|x64
		{48515C6A-6F99-4130-8026-4575EFA053F3}.Release|x64.Deploy.0 = Release|x64
		{48515C6A-6F99-4130-8026-4575EFA053F3}.Release|x86.ActiveCfg = Release|x86
		{48515C6A-6F99-4130-8026-4575EFA053F3}.Release|x86.Build.0 = Release|x86
		{48515C6A-6F99-4130-8026-4575EFA053F3}.Release|x86.Deploy.0 = Release|x86
		{B02F8F30-2BA0-4569-A760-CF418279BB74}.Debug|Any CPU.ActiveCfg = Debug|Any CPU
		{B02F8F30-2BA0-4569-A760-CF418279BB74}.Debug|Any CPU.Build.0 = Debug|Any CPU
		{B02F8F30-2BA0-4569-A760-CF418279BB74}.Debug|ARM.ActiveCfg = Debug|Any CPU
		{B02F8F30-2BA0-4569-A760-CF418279BB74}.Debug|ARM.Build.0 = Debug|Any CPU
		{B02F8F30-2BA0-4569-A760-CF418279BB74}.Debug|ARM64.ActiveCfg = Debug|Any CPU
		{B02F8F30-2BA0-4569-A760-CF418279BB74}.Debug|ARM64.Build.0 = Debug|Any CPU
		{B02F8F30-2BA0-4569-A760-CF418279BB74}.Debug|x64.ActiveCfg = Debug|Any CPU
		{B02F8F30-2BA0-4569-A760-CF418279BB74}.Debug|x64.Build.0 = Debug|Any CPU
		{B02F8F30-2BA0-4569-A760-CF418279BB74}.Debug|x86.ActiveCfg = Debug|Any CPU
		{B02F8F30-2BA0-4569-A760-CF418279BB74}.Debug|x86.Build.0 = Debug|Any CPU
		{B02F8F30-2BA0-4569-A760-CF418279BB74}.Release|Any CPU.ActiveCfg = Release|Any CPU
		{B02F8F30-2BA0-4569-A760-CF418279BB74}.Release|Any CPU.Build.0 = Release|Any CPU
		{B02F8F30-2BA0-4569-A760-CF418279BB74}.Release|ARM.ActiveCfg = Release|Any CPU
		{B02F8F30-2BA0-4569-A760-CF418279BB74}.Release|ARM.Build.0 = Release|Any CPU
		{B02F8F30-2BA0-4569-A760-CF418279BB74}.Release|ARM64.ActiveCfg = Release|Any CPU
		{B02F8F30-2BA0-4569-A760-CF418279BB74}.Release|ARM64.Build.0 = Release|Any CPU
		{B02F8F30-2BA0-4569-A760-CF418279BB74}.Release|x64.ActiveCfg = Release|Any CPU
		{B02F8F30-2BA0-4569-A760-CF418279BB74}.Release|x64.Build.0 = Release|Any CPU
		{B02F8F30-2BA0-4569-A760-CF418279BB74}.Release|x86.ActiveCfg = Release|Any CPU
		{B02F8F30-2BA0-4569-A760-CF418279BB74}.Release|x86.Build.0 = Release|Any CPU
		{F171D0FD-55C1-4B99-9B18-C09676F893EF}.Debug|Any CPU.ActiveCfg = Debug|Any CPU
		{F171D0FD-55C1-4B99-9B18-C09676F893EF}.Debug|Any CPU.Build.0 = Debug|Any CPU
		{F171D0FD-55C1-4B99-9B18-C09676F893EF}.Debug|ARM.ActiveCfg = Debug|Any CPU
		{F171D0FD-55C1-4B99-9B18-C09676F893EF}.Debug|ARM.Build.0 = Debug|Any CPU
		{F171D0FD-55C1-4B99-9B18-C09676F893EF}.Debug|ARM64.ActiveCfg = Debug|Any CPU
		{F171D0FD-55C1-4B99-9B18-C09676F893EF}.Debug|ARM64.Build.0 = Debug|Any CPU
		{F171D0FD-55C1-4B99-9B18-C09676F893EF}.Debug|x64.ActiveCfg = Debug|Any CPU
		{F171D0FD-55C1-4B99-9B18-C09676F893EF}.Debug|x64.Build.0 = Debug|Any CPU
		{F171D0FD-55C1-4B99-9B18-C09676F893EF}.Debug|x86.ActiveCfg = Debug|Any CPU
		{F171D0FD-55C1-4B99-9B18-C09676F893EF}.Debug|x86.Build.0 = Debug|Any CPU
		{F171D0FD-55C1-4B99-9B18-C09676F893EF}.Release|Any CPU.ActiveCfg = Release|Any CPU
		{F171D0FD-55C1-4B99-9B18-C09676F893EF}.Release|Any CPU.Build.0 = Release|Any CPU
		{F171D0FD-55C1-4B99-9B18-C09676F893EF}.Release|ARM.ActiveCfg = Release|Any CPU
		{F171D0FD-55C1-4B99-9B18-C09676F893EF}.Release|ARM.Build.0 = Release|Any CPU
		{F171D0FD-55C1-4B99-9B18-C09676F893EF}.Release|ARM64.ActiveCfg = Release|Any CPU
		{F171D0FD-55C1-4B99-9B18-C09676F893EF}.Release|ARM64.Build.0 = Release|Any CPU
		{F171D0FD-55C1-4B99-9B18-C09676F893EF}.Release|x64.ActiveCfg = Release|Any CPU
		{F171D0FD-55C1-4B99-9B18-C09676F893EF}.Release|x64.Build.0 = Release|Any CPU
		{F171D0FD-55C1-4B99-9B18-C09676F893EF}.Release|x86.ActiveCfg = Release|Any CPU
		{F171D0FD-55C1-4B99-9B18-C09676F893EF}.Release|x86.Build.0 = Release|Any CPU
		{E33FFD55-A575-4AF8-88B6-8810D3C31599}.Debug|Any CPU.ActiveCfg = Debug|x86
		{E33FFD55-A575-4AF8-88B6-8810D3C31599}.Debug|ARM.ActiveCfg = Debug|ARM
		{E33FFD55-A575-4AF8-88B6-8810D3C31599}.Debug|ARM.Build.0 = Debug|ARM
		{E33FFD55-A575-4AF8-88B6-8810D3C31599}.Debug|ARM.Deploy.0 = Debug|ARM
		{E33FFD55-A575-4AF8-88B6-8810D3C31599}.Debug|ARM64.ActiveCfg = Debug|ARM64
		{E33FFD55-A575-4AF8-88B6-8810D3C31599}.Debug|ARM64.Build.0 = Debug|ARM64
		{E33FFD55-A575-4AF8-88B6-8810D3C31599}.Debug|ARM64.Deploy.0 = Debug|ARM64
		{E33FFD55-A575-4AF8-88B6-8810D3C31599}.Debug|x64.ActiveCfg = Debug|x64
		{E33FFD55-A575-4AF8-88B6-8810D3C31599}.Debug|x64.Build.0 = Debug|x64
		{E33FFD55-A575-4AF8-88B6-8810D3C31599}.Debug|x64.Deploy.0 = Debug|x64
		{E33FFD55-A575-4AF8-88B6-8810D3C31599}.Debug|x86.ActiveCfg = Debug|x86
		{E33FFD55-A575-4AF8-88B6-8810D3C31599}.Debug|x86.Build.0 = Debug|x86
		{E33FFD55-A575-4AF8-88B6-8810D3C31599}.Debug|x86.Deploy.0 = Debug|x86
		{E33FFD55-A575-4AF8-88B6-8810D3C31599}.Release|Any CPU.ActiveCfg = Release|x86
		{E33FFD55-A575-4AF8-88B6-8810D3C31599}.Release|ARM.ActiveCfg = Release|ARM
		{E33FFD55-A575-4AF8-88B6-8810D3C31599}.Release|ARM.Build.0 = Release|ARM
		{E33FFD55-A575-4AF8-88B6-8810D3C31599}.Release|ARM.Deploy.0 = Release|ARM
		{E33FFD55-A575-4AF8-88B6-8810D3C31599}.Release|ARM64.ActiveCfg = Release|ARM64
		{E33FFD55-A575-4AF8-88B6-8810D3C31599}.Release|ARM64.Build.0 = Release|ARM64
		{E33FFD55-A575-4AF8-88B6-8810D3C31599}.Release|ARM64.Deploy.0 = Release|ARM64
		{E33FFD55-A575-4AF8-88B6-8810D3C31599}.Release|x64.ActiveCfg = Release|x64
		{E33FFD55-A575-4AF8-88B6-8810D3C31599}.Release|x64.Build.0 = Release|x64
		{E33FFD55-A575-4AF8-88B6-8810D3C31599}.Release|x64.Deploy.0 = Release|x64
		{E33FFD55-A575-4AF8-88B6-8810D3C31599}.Release|x86.ActiveCfg = Release|x86
		{E33FFD55-A575-4AF8-88B6-8810D3C31599}.Release|x86.Build.0 = Release|x86
		{E33FFD55-A575-4AF8-88B6-8810D3C31599}.Release|x86.Deploy.0 = Release|x86
	EndGlobalSection
	GlobalSection(SolutionProperties) = preSolution
		HideSolutionNode = FALSE
	EndGlobalSection
	GlobalSection(ExtensibilityGlobals) = postSolution
		SolutionGuid = {5760B6AA-C70C-43F0-A517-C80A2176F985}
	EndGlobalSection
EndGlobal
